{
  "originHash" : "c09cc38085e0c5875fd4e6b9062e06fb7bc90f6df31709d03d15c7fdb6719412",
  "pins" : [
    {
      "identity" : "essentials",
      "kind" : "remoteSourceControl",
      "location" : "https://github.com/Vaida12345/Essentials",
      "state" : {
        "revision" : "bf0d93ae8500cf6d4bf47f309a99a7d78f134735",
        "version" : "1.0.8"
      }
    },
    {
      "identity" : "finderitem",
      "kind" : "remoteSourceControl",
      "location" : "https://github.com/Vaida12345/FinderItem",
      "state" : {
        "revision" : "46d55d0566f40c74ac7ad8280a6cbba5688bef83",
        "version" : "1.0.3"
      }
    },
    {
      "identity" : "matrix",
      "kind" : "remoteSourceControl",
      "location" : "https://github.com/Vaida12345/Matrix.git",
      "state" : {
        "revision" : "f2758461a8bf9ba521f311eb13154118e084ef82",
        "version" : "1.0.0"
      }
    },
    {
      "identity" : "nativeimage",
      "kind" : "remoteSourceControl",
      "location" : "https://github.com/Vaida12345/NativeImage.git",
      "state" : {
        "revision" : "7e51defc3ed3c0aa74e7bcc13101a0d60526a276",
        "version" : "1.0.0"
      }
    }
  ],
  "version" : 3
}
