{
  "originHash" : "8df2868c93f80f1da652e7a7d429a5f594e55223d5313cfa6aa4bd4255c60ecd",
  "pins" : [
    {
      "identity" : "detaileddescription",
      "kind" : "remoteSourceControl",
      "location" : "https://www.github.com/Vaida12345/DetailedDescription",
      "state" : {
        "revision" : "bee1e194bde199abc091b0420ec928bdcffdb3fb",
        "version" : "2.0.5"
      }
    },
    {
      "identity" : "essentials",
      "kind" : "remoteSourceControl",
      "location" : "https://www.github.com/Vaida12345/Essentials",
      "state" : {
        "revision" : "8039980de92585f94ed3744cc9ce7202fdf05a32",
        "version" : "1.0.44"
      }
    },
    {
      "identity" : "finderitem",
      "kind" : "remoteSourceControl",
      "location" : "https://www.github.com/Vaida12345/FinderItem",
      "state" : {
        "revision" : "6c31b88e3fa2539f35289cb8ef705fc45adc7ed9",
        "version" : "1.0.14"
      }
    },
    {
      "identity" : "matrix",
      "kind" : "remoteSourceControl",
      "location" : "https://www.github.com/Vaida12345/Matrix",
      "state" : {
        "revision" : "d6eb613e72f5afaee6e5def3b517dd373991a7cb",
        "version" : "1.0.4"
      }
    },
    {
      "identity" : "nativeimage",
      "kind" : "remoteSourceControl",
      "location" : "https://www.github.com/Vaida12345/NativeImage",
      "state" : {
        "revision" : "c3c562710f058caa9fcbaba2c20ba3e3f404d7ec",
        "version" : "1.0.2"
      }
    }
  ],
  "version" : 3
}
