{
  "originHash" : "6ec6f6d1471ec46189da8e09603c03ab2f2e468d9b8aa050d23b7c1d8c39cdb9",
  "pins" : [
    {
      "identity" : "detaileddescription",
      "kind" : "remoteSourceControl",
      "location" : "https://www.github.com/Vaida12345/DetailedDescription",
      "state" : {
        "revision" : "bee1e194bde199abc091b0420ec928bdcffdb3fb",
        "version" : "2.0.5"
      }
    },
    {
      "identity" : "essentials",
      "kind" : "remoteSourceControl",
      "location" : "https://www.github.com/Vaida12345/Essentials",
      "state" : {
        "revision" : "8c15a49523f6988b61fa556c2709500ea2838828",
        "version" : "1.0.43"
      }
    },
    {
      "identity" : "finderitem",
      "kind" : "remoteSourceControl",
      "location" : "https://www.github.com/Vaida12345/FinderItem",
      "state" : {
        "revision" : "6c31b88e3fa2539f35289cb8ef705fc45adc7ed9",
        "version" : "1.0.14"
      }
    },
    {
      "identity" : "matrix",
      "kind" : "remoteSourceControl",
      "location" : "https://www.github.com/Vaida12345/Matrix",
      "state" : {
        "revision" : "d6eb613e72f5afaee6e5def3b517dd373991a7cb",
        "version" : "1.0.4"
      }
    },
    {
      "identity" : "nativeimage",
      "kind" : "remoteSourceControl",
      "location" : "https://www.github.com/Vaida12345/NativeImage",
      "state" : {
        "revision" : "c3c562710f058caa9fcbaba2c20ba3e3f404d7ec",
        "version" : "1.0.2"
      }
    }
  ],
  "version" : 3
}
